
Microsoft Visual Studio Solution File, Format Version 12.00
# Visual Studio 2013
VisualStudioVersion = 12.0.40629.0
MinimumVisualStudioVersion = 10.0.40219.1
Project("{FAE04EC0-301F-11D3-BF4B-00C04F79EFBC}") = "NetFx40ConsoleTest", "NetFx40ConsoleTest\NetFx40ConsoleTest.csproj", "{BD11A26D-BF5E-49B3-A88A-AB34998557AB}"
EndProject
Project("{FAE04EC0-301F-11D3-BF4B-00C04F79EFBC}") = "NetFx40WpfTest", "NetFx40WpfTest\NetFx40WpfTest.csproj", "{09CB6C5A-9B43-4418-848C-1B97983A524F}"
EndProject
Global
	GlobalSection(SolutionConfigurationPlatforms) = preSolution
		Debug|Any CPU = Debug|Any CPU
		Release|Any CPU = Release|Any CPU
	EndGlobalSection
	GlobalSection(ProjectConfigurationPlatforms) = postSolution
		{BD11A26D-BF5E-49B3-A88A-AB34998557AB}.Debug|Any CPU.ActiveCfg = Debug|Any CPU
		{BD11A26D-BF5E-49B3-A88A-AB34998557AB}.Debug|Any CPU.Build.0 = Debug|Any CPU
		{BD11A26D-BF5E-49B3-A88A-AB34998557AB}.Release|Any CPU.ActiveCfg = Release|Any CPU
		{BD11A26D-BF5E-49B3-A88A-AB34998557AB}.Release|Any CPU.Build.0 = Release|Any CPU
		{09CB6C5A-9B43-4418-848C-1B97983A524F}.Debug|Any CPU.ActiveCfg = Debug|Any CPU
		{09CB6C5A-9B43-4418-848C-1B97983A524F}.Debug|Any CPU.Build.0 = Debug|Any CPU
		{09CB6C5A-9B43-4418-848C-1B97983A524F}.Release|Any CPU.ActiveCfg = Release|Any CPU
		{09CB6C5A-9B43-4418-848C-1B97983A524F}.Release|Any CPU.Build.0 = Release|Any CPU
	EndGlobalSection
	GlobalSection(SolutionProperties) = preSolution
		HideSolutionNode = FALSE
	EndGlobalSection
EndGlobal
